// !$*UTF8*$!
{
	archiveVersion = 1;
	classes = {
	};
	objectVersion = 46;
	objects = {

/* Begin PBXBuildFile section */
		6B798F921A56838D0016D4A9 /* test.m in Sources */ = {isa = PBXBuildFile; fileRef = 6B798F911A56838D0016D4A9 /* test.m */; };
		6B798F991A56839F0016D4A9 /* Bolts.framework in Frameworks */ = {isa = PBXBuildFile; fileRef = 6B798F941A56839F0016D4A9 /* Bolts.framework */; };
		6B798F9A1A56839F0016D4A9 /* Parse.framework in Frameworks */ = {isa = PBXBuildFile; fileRef = 6B798F951A56839F0016D4A9 /* Parse.framework */; };
		6B798F9B1A5683A00016D4A9 /* ParseCrashReporting.framework in Frameworks */ = {isa = PBXBuildFile; fileRef = 6B798F961A56839F0016D4A9 /* ParseCrashReporting.framework */; };
		6B798F9C1A5683A00016D4A9 /* ParseFacebookUtils.framework in Frameworks */ = {isa = PBXBuildFile; fileRef = 6B798F971A56839F0016D4A9 /* ParseFacebookUtils.framework */; };
		6B798F9D1A5683A00016D4A9 /* ParseUI.framework in Frameworks */ = {isa = PBXBuildFile; fileRef = 6B798F981A56839F0016D4A9 /* ParseUI.framework */; };
		6B798F9F1A56A2FA0016D4A9 /* BackgroundView.swift in Sources */ = {isa = PBXBuildFile; fileRef = 6B798F9E1A56A2FA0016D4A9 /* BackgroundView.swift */; };
		6B798FA51A56B1950016D4A9 /* ClamorIcon (3).png in Resources */ = {isa = PBXBuildFile; fileRef = 6B798FA41A56B1950016D4A9 /* ClamorIcon (3).png */; };
		DFD32DE21A5640EA0023016B /* AppDelegate.swift in Sources */ = {isa = PBXBuildFile; fileRef = DFD32DE11A5640EA0023016B /* AppDelegate.swift */; };
		DFD32DE41A5640EA0023016B /* ViewController.swift in Sources */ = {isa = PBXBuildFile; fileRef = DFD32DE31A5640EA0023016B /* ViewController.swift */; };
		DFD32DE71A5640EA0023016B /* Main.storyboard in Resources */ = {isa = PBXBuildFile; fileRef = DFD32DE51A5640EA0023016B /* Main.storyboard */; };
		DFD32DE91A5640EA0023016B /* Images.xcassets in Resources */ = {isa = PBXBuildFile; fileRef = DFD32DE81A5640EA0023016B /* Images.xcassets */; };
		DFD32DEC1A5640EA0023016B /* LaunchScreen.xib in Resources */ = {isa = PBXBuildFile; fileRef = DFD32DEA1A5640EA0023016B /* LaunchScreen.xib */; };
		DFD32DF81A5640EA0023016B /* ParsingTests.swift in Sources */ = {isa = PBXBuildFile; fileRef = DFD32DF71A5640EA0023016B /* ParsingTests.swift */; };
		DFD32E021A5640F80023016B /* AudioToolbox.framework in Frameworks */ = {isa = PBXBuildFile; fileRef = DFD32E011A5640F80023016B /* AudioToolbox.framework */; };
		DFD32E041A5640FC0023016B /* Foundation.framework in Frameworks */ = {isa = PBXBuildFile; fileRef = DFD32E031A5640FC0023016B /* Foundation.framework */; };
		DFD32E061A5641030023016B /* CoreGraphics.framework in Frameworks */ = {isa = PBXBuildFile; fileRef = DFD32E051A5641030023016B /* CoreGraphics.framework */; };
		DFD32E081A56410C0023016B /* CoreLocation.framework in Frameworks */ = {isa = PBXBuildFile; fileRef = DFD32E071A56410C0023016B /* CoreLocation.framework */; };
		DFD32E0A1A5641250023016B /* libz.dylib in Frameworks */ = {isa = PBXBuildFile; fileRef = DFD32E091A5641250023016B /* libz.dylib */; };
		DFD32E0C1A56412C0023016B /* MobileCoreServices.framework in Frameworks */ = {isa = PBXBuildFile; fileRef = DFD32E0B1A56412C0023016B /* MobileCoreServices.framework */; };
		DFD32E0E1A5641310023016B /* QuartzCore.framework in Frameworks */ = {isa = PBXBuildFile; fileRef = DFD32E0D1A5641310023016B /* QuartzCore.framework */; };
		DFD32E101A5641360023016B /* Security.framework in Frameworks */ = {isa = PBXBuildFile; fileRef = DFD32E0F1A5641360023016B /* Security.framework */; };
		DFD32E121A56413B0023016B /* StoreKit.framework in Frameworks */ = {isa = PBXBuildFile; fileRef = DFD32E111A56413B0023016B /* StoreKit.framework */; };
		DFD32E141A5641420023016B /* SystemConfiguration.framework in Frameworks */ = {isa = PBXBuildFile; fileRef = DFD32E131A5641420023016B /* SystemConfiguration.framework */; };
		DFD32E241A5642280023016B /* libsqlite3.dylib in Frameworks */ = {isa = PBXBuildFile; fileRef = DFD32E231A5642280023016B /* libsqlite3.dylib */; };
		DFD32E261A5659FC0023016B /* Model.swift in Sources */ = {isa = PBXBuildFile; fileRef = DFD32E251A5659FC0023016B /* Model.swift */; };
		DFD32E281A565E940023016B /* ModelCool.swift in Sources */ = {isa = PBXBuildFile; fileRef = DFD32E271A565E940023016B /* ModelCool.swift */; };
		DFD32E2A1A5664EC0023016B /* LoginViewController.swift in Sources */ = {isa = PBXBuildFile; fileRef = DFD32E291A5664EC0023016B /* LoginViewController.swift */; };
/* End PBXBuildFile section */

/* Begin PBXContainerItemProxy section */
		DFD32DF21A5640EA0023016B /* PBXContainerItemProxy */ = {
			isa = PBXContainerItemProxy;
			containerPortal = DFD32DD41A5640EA0023016B /* Project object */;
			proxyType = 1;
			remoteGlobalIDString = DFD32DDB1A5640EA0023016B;
			remoteInfo = Parsing;
		};
/* End PBXContainerItemProxy section */

/* Begin PBXFileReference section */
		6B798F901A56838C0016D4A9 /* Parsing-Bridging-Header.h */ = {isa = PBXFileReference; lastKnownFileType = sourcecode.c.h; path = "Parsing-Bridging-Header.h"; sourceTree = "<group>"; };
		6B798F911A56838D0016D4A9 /* test.m */ = {isa = PBXFileReference; fileEncoding = 4; lastKnownFileType = sourcecode.c.objc; path = test.m; sourceTree = "<group>"; };
		6B798F941A56839F0016D4A9 /* Bolts.framework */ = {isa = PBXFileReference; lastKnownFileType = wrapper.framework; path = Bolts.framework; sourceTree = "<group>"; };
		6B798F951A56839F0016D4A9 /* Parse.framework */ = {isa = PBXFileReference; lastKnownFileType = wrapper.framework; path = Parse.framework; sourceTree = "<group>"; };
		6B798F961A56839F0016D4A9 /* ParseCrashReporting.framework */ = {isa = PBXFileReference; lastKnownFileType = wrapper.framework; path = ParseCrashReporting.framework; sourceTree = "<group>"; };
		6B798F971A56839F0016D4A9 /* ParseFacebookUtils.framework */ = {isa = PBXFileReference; lastKnownFileType = wrapper.framework; path = ParseFacebookUtils.framework; sourceTree = "<group>"; };
		6B798F981A56839F0016D4A9 /* ParseUI.framework */ = {isa = PBXFileReference; lastKnownFileType = wrapper.framework; path = ParseUI.framework; sourceTree = "<group>"; };
		6B798F9E1A56A2FA0016D4A9 /* BackgroundView.swift */ = {isa = PBXFileReference; fileEncoding = 4; lastKnownFileType = sourcecode.swift; path = BackgroundView.swift; sourceTree = "<group>"; };
		6B798FA41A56B1950016D4A9 /* ClamorIcon (3).png */ = {isa = PBXFileReference; lastKnownFileType = image.png; path = "ClamorIcon (3).png"; sourceTree = "<group>"; };
		DFD32DDC1A5640EA0023016B /* Parsing.app */ = {isa = PBXFileReference; explicitFileType = wrapper.application; includeInIndex = 0; path = Parsing.app; sourceTree = BUILT_PRODUCTS_DIR; };
		DFD32DE01A5640EA0023016B /* Info.plist */ = {isa = PBXFileReference; lastKnownFileType = text.plist.xml; path = Info.plist; sourceTree = "<group>"; };
		DFD32DE11A5640EA0023016B /* AppDelegate.swift */ = {isa = PBXFileReference; lastKnownFileType = sourcecode.swift; path = AppDelegate.swift; sourceTree = "<group>"; };
		DFD32DE31A5640EA0023016B /* ViewController.swift */ = {isa = PBXFileReference; lastKnownFileType = sourcecode.swift; path = ViewController.swift; sourceTree = "<group>"; };
		DFD32DE61A5640EA0023016B /* Base */ = {isa = PBXFileReference; lastKnownFileType = file.storyboard; name = Base; path = Base.lproj/Main.storyboard; sourceTree = "<group>"; };
		DFD32DE81A5640EA0023016B /* Images.xcassets */ = {isa = PBXFileReference; lastKnownFileType = folder.assetcatalog; path = Images.xcassets; sourceTree = "<group>"; };
		DFD32DEB1A5640EA0023016B /* Base */ = {isa = PBXFileReference; lastKnownFileType = file.xib; name = Base; path = Base.lproj/LaunchScreen.xib; sourceTree = "<group>"; };
		DFD32DF11A5640EA0023016B /* ParsingTests.xctest */ = {isa = PBXFileReference; explicitFileType = wrapper.cfbundle; includeInIndex = 0; path = ParsingTests.xctest; sourceTree = BUILT_PRODUCTS_DIR; };
		DFD32DF61A5640EA0023016B /* Info.plist */ = {isa = PBXFileReference; lastKnownFileType = text.plist.xml; path = Info.plist; sourceTree = "<group>"; };
		DFD32DF71A5640EA0023016B /* ParsingTests.swift */ = {isa = PBXFileReference; lastKnownFileType = sourcecode.swift; path = ParsingTests.swift; sourceTree = "<group>"; };
		DFD32E011A5640F80023016B /* AudioToolbox.framework */ = {isa = PBXFileReference; lastKnownFileType = wrapper.framework; name = AudioToolbox.framework; path = System/Library/Frameworks/AudioToolbox.framework; sourceTree = SDKROOT; };
		DFD32E031A5640FC0023016B /* Foundation.framework */ = {isa = PBXFileReference; lastKnownFileType = wrapper.framework; name = Foundation.framework; path = System/Library/Frameworks/Foundation.framework; sourceTree = SDKROOT; };
		DFD32E051A5641030023016B /* CoreGraphics.framework */ = {isa = PBXFileReference; lastKnownFileType = wrapper.framework; name = CoreGraphics.framework; path = System/Library/Frameworks/CoreGraphics.framework; sourceTree = SDKROOT; };
		DFD32E071A56410C0023016B /* CoreLocation.framework */ = {isa = PBXFileReference; lastKnownFileType = wrapper.framework; name = CoreLocation.framework; path = System/Library/Frameworks/CoreLocation.framework; sourceTree = SDKROOT; };
		DFD32E091A5641250023016B /* libz.dylib */ = {isa = PBXFileReference; lastKnownFileType = "compiled.mach-o.dylib"; name = libz.dylib; path = usr/lib/libz.dylib; sourceTree = SDKROOT; };
		DFD32E0B1A56412C0023016B /* MobileCoreServices.framework */ = {isa = PBXFileReference; lastKnownFileType = wrapper.framework; name = MobileCoreServices.framework; path = System/Library/Frameworks/MobileCoreServices.framework; sourceTree = SDKROOT; };
		DFD32E0D1A5641310023016B /* QuartzCore.framework */ = {isa = PBXFileReference; lastKnownFileType = wrapper.framework; name = QuartzCore.framework; path = System/Library/Frameworks/QuartzCore.framework; sourceTree = SDKROOT; };
		DFD32E0F1A5641360023016B /* Security.framework */ = {isa = PBXFileReference; lastKnownFileType = wrapper.framework; name = Security.framework; path = System/Library/Frameworks/Security.framework; sourceTree = SDKROOT; };
		DFD32E111A56413B0023016B /* StoreKit.framework */ = {isa = PBXFileReference; lastKnownFileType = wrapper.framework; name = StoreKit.framework; path = System/Library/Frameworks/StoreKit.framework; sourceTree = SDKROOT; };
		DFD32E131A5641420023016B /* SystemConfiguration.framework */ = {isa = PBXFileReference; lastKnownFileType = wrapper.framework; name = SystemConfiguration.framework; path = System/Library/Frameworks/SystemConfiguration.framework; sourceTree = SDKROOT; };
		DFD32E231A5642280023016B /* libsqlite3.dylib */ = {isa = PBXFileReference; lastKnownFileType = "compiled.mach-o.dylib"; name = libsqlite3.dylib; path = usr/lib/libsqlite3.dylib; sourceTree = SDKROOT; };
		DFD32E251A5659FC0023016B /* Model.swift */ = {isa = PBXFileReference; fileEncoding = 4; lastKnownFileType = sourcecode.swift; path = Model.swift; sourceTree = "<group>"; };
		DFD32E271A565E940023016B /* ModelCool.swift */ = {isa = PBXFileReference; fileEncoding = 4; lastKnownFileType = sourcecode.swift; path = ModelCool.swift; sourceTree = "<group>"; };
		DFD32E291A5664EC0023016B /* LoginViewController.swift */ = {isa = PBXFileReference; fileEncoding = 4; lastKnownFileType = sourcecode.swift; path = LoginViewController.swift; sourceTree = "<group>"; };
/* End PBXFileReference section */

/* Begin PBXFrameworksBuildPhase section */
		DFD32DD91A5640EA0023016B /* Frameworks */ = {
			isa = PBXFrameworksBuildPhase;
			buildActionMask = 2147483647;
			files = (
				DFD32E241A5642280023016B /* libsqlite3.dylib in Frameworks */,
				DFD32E141A5641420023016B /* SystemConfiguration.framework in Frameworks */,
				DFD32E121A56413B0023016B /* StoreKit.framework in Frameworks */,
				6B798F991A56839F0016D4A9 /* Bolts.framework in Frameworks */,
				DFD32E101A5641360023016B /* Security.framework in Frameworks */,
				6B798F9B1A5683A00016D4A9 /* ParseCrashReporting.framework in Frameworks */,
				6B798F9D1A5683A00016D4A9 /* ParseUI.framework in Frameworks */,
				DFD32E0E1A5641310023016B /* QuartzCore.framework in Frameworks */,
				6B798F9A1A56839F0016D4A9 /* Parse.framework in Frameworks */,
				6B798F9C1A5683A00016D4A9 /* ParseFacebookUtils.framework in Frameworks */,
				DFD32E0C1A56412C0023016B /* MobileCoreServices.framework in Frameworks */,
				DFD32E0A1A5641250023016B /* libz.dylib in Frameworks */,
				DFD32E081A56410C0023016B /* CoreLocation.framework in Frameworks */,
				DFD32E061A5641030023016B /* CoreGraphics.framework in Frameworks */,
				DFD32E041A5640FC0023016B /* Foundation.framework in Frameworks */,
				DFD32E021A5640F80023016B /* AudioToolbox.framework in Frameworks */,
			);
			runOnlyForDeploymentPostprocessing = 0;
		};
		DFD32DEE1A5640EA0023016B /* Frameworks */ = {
			isa = PBXFrameworksBuildPhase;
			buildActionMask = 2147483647;
			files = (
			);
			runOnlyForDeploymentPostprocessing = 0;
		};
/* End PBXFrameworksBuildPhase section */

/* Begin PBXGroup section */
		6B798F931A56839F0016D4A9 /* parse-library-1.6.1 */ = {
			isa = PBXGroup;
			children = (
				6B798F941A56839F0016D4A9 /* Bolts.framework */,
				6B798F951A56839F0016D4A9 /* Parse.framework */,
				6B798F961A56839F0016D4A9 /* ParseCrashReporting.framework */,
				6B798F971A56839F0016D4A9 /* ParseFacebookUtils.framework */,
				6B798F981A56839F0016D4A9 /* ParseUI.framework */,
			);
			path = "parse-library-1.6.1";
			sourceTree = "<group>";
		};
		DFD32DD31A5640EA0023016B = {
			isa = PBXGroup;
			children = (
				6B798FA41A56B1950016D4A9 /* ClamorIcon (3).png */,
				6B798F911A56838D0016D4A9 /* test.m */,
				6B798F931A56839F0016D4A9 /* parse-library-1.6.1 */,
				DFD32E251A5659FC0023016B /* Model.swift */,
				DFD32E271A565E940023016B /* ModelCool.swift */,
				DFD32E231A5642280023016B /* libsqlite3.dylib */,
				DFD32E131A5641420023016B /* SystemConfiguration.framework */,
				DFD32E111A56413B0023016B /* StoreKit.framework */,
				DFD32E0F1A5641360023016B /* Security.framework */,
				DFD32E0D1A5641310023016B /* QuartzCore.framework */,
				DFD32E0B1A56412C0023016B /* MobileCoreServices.framework */,
				DFD32E091A5641250023016B /* libz.dylib */,
				DFD32E071A56410C0023016B /* CoreLocation.framework */,
				DFD32E051A5641030023016B /* CoreGraphics.framework */,
				DFD32E031A5640FC0023016B /* Foundation.framework */,
				DFD32E011A5640F80023016B /* AudioToolbox.framework */,
				DFD32DDE1A5640EA0023016B /* Parsing */,
				DFD32DF41A5640EA0023016B /* ParsingTests */,
				DFD32DDD1A5640EA0023016B /* Products */,
				6B798F901A56838C0016D4A9 /* Parsing-Bridging-Header.h */,
			);
			sourceTree = "<group>";
		};
		DFD32DDD1A5640EA0023016B /* Products */ = {
			isa = PBXGroup;
			children = (
				DFD32DDC1A5640EA0023016B /* Parsing.app */,
				DFD32DF11A5640EA0023016B /* ParsingTests.xctest */,
			);
			name = Products;
			sourceTree = "<group>";
		};
		DFD32DDE1A5640EA0023016B /* Parsing */ = {
			isa = PBXGroup;
			children = (
				DFD32DE11A5640EA0023016B /* AppDelegate.swift */,
				DFD32DE31A5640EA0023016B /* ViewController.swift */,
				6B798F9E1A56A2FA0016D4A9 /* BackgroundView.swift */,
				DFD32E291A5664EC0023016B /* LoginViewController.swift */,
				DFD32DE51A5640EA0023016B /* Main.storyboard */,
				DFD32DE81A5640EA0023016B /* Images.xcassets */,
				DFD32DEA1A5640EA0023016B /* LaunchScreen.xib */,
				DFD32DDF1A5640EA0023016B /* Supporting Files */,
			);
			path = Parsing;
			sourceTree = "<group>";
		};
		DFD32DDF1A5640EA0023016B /* Supporting Files */ = {
			isa = PBXGroup;
			children = (
				DFD32DE01A5640EA0023016B /* Info.plist */,
			);
			name = "Supporting Files";
			sourceTree = "<group>";
		};
		DFD32DF41A5640EA0023016B /* ParsingTests */ = {
			isa = PBXGroup;
			children = (
				DFD32DF71A5640EA0023016B /* ParsingTests.swift */,
				DFD32DF51A5640EA0023016B /* Supporting Files */,
			);
			path = ParsingTests;
			sourceTree = "<group>";
		};
		DFD32DF51A5640EA0023016B /* Supporting Files */ = {
			isa = PBXGroup;
			children = (
				DFD32DF61A5640EA0023016B /* Info.plist */,
			);
			name = "Supporting Files";
			sourceTree = "<group>";
		};
/* End PBXGroup section */

/* Begin PBXNativeTarget section */
		DFD32DDB1A5640EA0023016B /* Parsing */ = {
			isa = PBXNativeTarget;
			buildConfigurationList = DFD32DFB1A5640EA0023016B /* Build configuration list for PBXNativeTarget "Parsing" */;
			buildPhases = (
				DFD32DD81A5640EA0023016B /* Sources */,
				DFD32DD91A5640EA0023016B /* Frameworks */,
				DFD32DDA1A5640EA0023016B /* Resources */,
			);
			buildRules = (
			);
			dependencies = (
			);
			name = Parsing;
			productName = Parsing;
			productReference = DFD32DDC1A5640EA0023016B /* Parsing.app */;
			productType = "com.apple.product-type.application";
		};
		DFD32DF01A5640EA0023016B /* ParsingTests */ = {
			isa = PBXNativeTarget;
			buildConfigurationList = DFD32DFE1A5640EA0023016B /* Build configuration list for PBXNativeTarget "ParsingTests" */;
			buildPhases = (
				DFD32DED1A5640EA0023016B /* Sources */,
				DFD32DEE1A5640EA0023016B /* Frameworks */,
				DFD32DEF1A5640EA0023016B /* Resources */,
			);
			buildRules = (
			);
			dependencies = (
				DFD32DF31A5640EA0023016B /* PBXTargetDependency */,
			);
			name = ParsingTests;
			productName = ParsingTests;
			productReference = DFD32DF11A5640EA0023016B /* ParsingTests.xctest */;
			productType = "com.apple.product-type.bundle.unit-test";
		};
/* End PBXNativeTarget section */

/* Begin PBXProject section */
		DFD32DD41A5640EA0023016B /* Project object */ = {
			isa = PBXProject;
			attributes = {
				LastUpgradeCheck = 0600;
				ORGANIZATIONNAME = Haxors;
				TargetAttributes = {
					DFD32DDB1A5640EA0023016B = {
						CreatedOnToolsVersion = 6.0.1;
					};
					DFD32DF01A5640EA0023016B = {
						CreatedOnToolsVersion = 6.0.1;
						TestTargetID = DFD32DDB1A5640EA0023016B;
					};
				};
			};
			buildConfigurationList = DFD32DD71A5640EA0023016B /* Build configuration list for PBXProject "Parsing" */;
			compatibilityVersion = "Xcode 3.2";
			developmentRegion = English;
			hasScannedForEncodings = 0;
			knownRegions = (
				en,
				Base,
			);
			mainGroup = DFD32DD31A5640EA0023016B;
			productRefGroup = DFD32DDD1A5640EA0023016B /* Products */;
			projectDirPath = "";
			projectRoot = "";
			targets = (
				DFD32DDB1A5640EA0023016B /* Parsing */,
				DFD32DF01A5640EA0023016B /* ParsingTests */,
			);
		};
/* End PBXProject section */

/* Begin PBXResourcesBuildPhase section */
		DFD32DDA1A5640EA0023016B /* Resources */ = {
			isa = PBXResourcesBuildPhase;
			buildActionMask = 2147483647;
			files = (
				6B798FA51A56B1950016D4A9 /* ClamorIcon (3).png in Resources */,
				DFD32DE71A5640EA0023016B /* Main.storyboard in Resources */,
				DFD32DEC1A5640EA0023016B /* LaunchScreen.xib in Resources */,
				DFD32DE91A5640EA0023016B /* Images.xcassets in Resources */,
			);
			runOnlyForDeploymentPostprocessing = 0;
		};
		DFD32DEF1A5640EA0023016B /* Resources */ = {
			isa = PBXResourcesBuildPhase;
			buildActionMask = 2147483647;
			files = (
			);
			runOnlyForDeploymentPostprocessing = 0;
		};
/* End PBXResourcesBuildPhase section */

/* Begin PBXSourcesBuildPhase section */
		DFD32DD81A5640EA0023016B /* Sources */ = {
			isa = PBXSourcesBuildPhase;
			buildActionMask = 2147483647;
			files = (
				DFD32E2A1A5664EC0023016B /* LoginViewController.swift in Sources */,
				DFD32E281A565E940023016B /* ModelCool.swift in Sources */,
				DFD32DE41A5640EA0023016B /* ViewController.swift in Sources */,
				6B798F9F1A56A2FA0016D4A9 /* BackgroundView.swift in Sources */,
				DFD32DE21A5640EA0023016B /* AppDelegate.swift in Sources */,
				DFD32E261A5659FC0023016B /* Model.swift in Sources */,
				6B798F921A56838D0016D4A9 /* test.m in Sources */,
			);
			runOnlyForDeploymentPostprocessing = 0;
		};
		DFD32DED1A5640EA0023016B /* Sources */ = {
			isa = PBXSourcesBuildPhase;
			buildActionMask = 2147483647;
			files = (
				DFD32DF81A5640EA0023016B /* ParsingTests.swift in Sources */,
			);
			runOnlyForDeploymentPostprocessing = 0;
		};
/* End PBXSourcesBuildPhase section */

/* Begin PBXTargetDependency section */
		DFD32DF31A5640EA0023016B /* PBXTargetDependency */ = {
			isa = PBXTargetDependency;
			target = DFD32DDB1A5640EA0023016B /* Parsing */;
			targetProxy = DFD32DF21A5640EA0023016B /* PBXContainerItemProxy */;
		};
/* End PBXTargetDependency section */

/* Begin PBXVariantGroup section */
		DFD32DE51A5640EA0023016B /* Main.storyboard */ = {
			isa = PBXVariantGroup;
			children = (
				DFD32DE61A5640EA0023016B /* Base */,
			);
			name = Main.storyboard;
			sourceTree = "<group>";
		};
		DFD32DEA1A5640EA0023016B /* LaunchScreen.xib */ = {
			isa = PBXVariantGroup;
			children = (
				DFD32DEB1A5640EA0023016B /* Base */,
			);
			name = LaunchScreen.xib;
			sourceTree = "<group>";
		};
/* End PBXVariantGroup section */

/* Begin XCBuildConfiguration section */
		DFD32DF91A5640EA0023016B /* Debug */ = {
			isa = XCBuildConfiguration;
			buildSettings = {
				ALWAYS_SEARCH_USER_PATHS = NO;
				CLANG_CXX_LANGUAGE_STANDARD = "gnu++0x";
				CLANG_CXX_LIBRARY = "libc++";
				CLANG_ENABLE_MODULES = YES;
				CLANG_ENABLE_OBJC_ARC = YES;
				CLANG_WARN_BOOL_CONVERSION = YES;
				CLANG_WARN_CONSTANT_CONVERSION = YES;
				CLANG_WARN_DIRECT_OBJC_ISA_USAGE = YES_ERROR;
				CLANG_WARN_EMPTY_BODY = YES;
				CLANG_WARN_ENUM_CONVERSION = YES;
				CLANG_WARN_INT_CONVERSION = YES;
				CLANG_WARN_OBJC_ROOT_CLASS = YES_ERROR;
				CLANG_WARN_UNREACHABLE_CODE = YES;
				CLANG_WARN__DUPLICATE_METHOD_MATCH = YES;
				"CODE_SIGN_IDENTITY[sdk=iphoneos*]" = "iPhone Developer";
				COPY_PHASE_STRIP = NO;
				ENABLE_STRICT_OBJC_MSGSEND = YES;
				GCC_C_LANGUAGE_STANDARD = gnu99;
				GCC_DYNAMIC_NO_PIC = NO;
				GCC_OPTIMIZATION_LEVEL = 0;
				GCC_PREPROCESSOR_DEFINITIONS = (
					"DEBUG=1",
					"$(inherited)",
				);
				GCC_SYMBOLS_PRIVATE_EXTERN = NO;
				GCC_WARN_64_TO_32_BIT_CONVERSION = YES;
				GCC_WARN_ABOUT_RETURN_TYPE = YES_ERROR;
				GCC_WARN_UNDECLARED_SELECTOR = YES;
				GCC_WARN_UNINITIALIZED_AUTOS = YES_AGGRESSIVE;
				GCC_WARN_UNUSED_FUNCTION = YES;
				GCC_WARN_UNUSED_VARIABLE = YES;
				IPHONEOS_DEPLOYMENT_TARGET = 8.0;
				MTL_ENABLE_DEBUG_INFO = YES;
				ONLY_ACTIVE_ARCH = YES;
				SDKROOT = iphoneos;
				SWIFT_OPTIMIZATION_LEVEL = "-Onone";
				TARGETED_DEVICE_FAMILY = "1,2";
			};
			name = Debug;
		};
		DFD32DFA1A5640EA0023016B /* Release */ = {
			isa = XCBuildConfiguration;
			buildSettings = {
				ALWAYS_SEARCH_USER_PATHS = NO;
				CLANG_CXX_LANGUAGE_STANDARD = "gnu++0x";
				CLANG_CXX_LIBRARY = "libc++";
				CLANG_ENABLE_MODULES = YES;
				CLANG_ENABLE_OBJC_ARC = YES;
				CLANG_WARN_BOOL_CONVERSION = YES;
				CLANG_WARN_CONSTANT_CONVERSION = YES;
				CLANG_WARN_DIRECT_OBJC_ISA_USAGE = YES_ERROR;
				CLANG_WARN_EMPTY_BODY = YES;
				CLANG_WARN_ENUM_CONVERSION = YES;
				CLANG_WARN_INT_CONVERSION = YES;
				CLANG_WARN_OBJC_ROOT_CLASS = YES_ERROR;
				CLANG_WARN_UNREACHABLE_CODE = YES;
				CLANG_WARN__DUPLICATE_METHOD_MATCH = YES;
				"CODE_SIGN_IDENTITY[sdk=iphoneos*]" = "iPhone Developer";
				COPY_PHASE_STRIP = YES;
				ENABLE_NS_ASSERTIONS = NO;
				ENABLE_STRICT_OBJC_MSGSEND = YES;
				GCC_C_LANGUAGE_STANDARD = gnu99;
				GCC_WARN_64_TO_32_BIT_CONVERSION = YES;
				GCC_WARN_ABOUT_RETURN_TYPE = YES_ERROR;
				GCC_WARN_UNDECLARED_SELECTOR = YES;
				GCC_WARN_UNINITIALIZED_AUTOS = YES_AGGRESSIVE;
				GCC_WARN_UNUSED_FUNCTION = YES;
				GCC_WARN_UNUSED_VARIABLE = YES;
				IPHONEOS_DEPLOYMENT_TARGET = 8.0;
				MTL_ENABLE_DEBUG_INFO = NO;
				SDKROOT = iphoneos;
				TARGETED_DEVICE_FAMILY = "1,2";
				VALIDATE_PRODUCT = YES;
			};
			name = Release;
		};
		DFD32DFC1A5640EA0023016B /* Debug */ = {
			isa = XCBuildConfiguration;
			buildSettings = {
				ASSETCATALOG_COMPILER_APPICON_NAME = AppIcon;
				CLANG_ENABLE_MODULES = YES;
				FRAMEWORK_SEARCH_PATHS = (
					"$(inherited)",
					"$(PROJECT_DIR)/parse-library-1.6.1",
					"(1)",
				);
				INFOPLIST_FILE = Parsing/Info.plist;
				LD_RUNPATH_SEARCH_PATHS = "$(inherited) @executable_path/Frameworks";
				PRODUCT_NAME = "$(TARGET_NAME)";
				SWIFT_OBJC_BRIDGING_HEADER = "Parsing-Bridging-Header.h";
				SWIFT_OPTIMIZATION_LEVEL = "-Onone";
			};
			name = Debug;
		};
		DFD32DFD1A5640EA0023016B /* Release */ = {
			isa = XCBuildConfiguration;
			buildSettings = {
				ASSETCATALOG_COMPILER_APPICON_NAME = AppIcon;
				CLANG_ENABLE_MODULES = YES;
				FRAMEWORK_SEARCH_PATHS = (
					"$(inherited)",
					"$(PROJECT_DIR)/parse-library-1.6.1",
					"(1)",
				);
				INFOPLIST_FILE = Parsing/Info.plist;
				LD_RUNPATH_SEARCH_PATHS = "$(inherited) @executable_path/Frameworks";
				PRODUCT_NAME = "$(TARGET_NAME)";
				SWIFT_OBJC_BRIDGING_HEADER = "Parsing-Bridging-Header.h";
			};
			name = Release;
		};
		DFD32DFF1A5640EA0023016B /* Debug */ = {
			isa = XCBuildConfiguration;
			buildSettings = {
				BUNDLE_LOADER = "$(TEST_HOST)";
				FRAMEWORK_SEARCH_PATHS = (
					"$(SDKROOT)/Developer/Library/Frameworks",
					"$(inherited)",
				);
				GCC_PREPROCESSOR_DEFINITIONS = (
					"DEBUG=1",
					"$(inherited)",
				);
				INFOPLIST_FILE = ParsingTests/Info.plist;
				LD_RUNPATH_SEARCH_PATHS = "$(inherited) @executable_path/Frameworks @loader_path/Frameworks";
				PRODUCT_NAME = "$(TARGET_NAME)";
				TEST_HOST = "$(BUILT_PRODUCTS_DIR)/Parsing.app/Parsing";
			};
			name = Debug;
		};
		DFD32E001A5640EA0023016B /* Release */ = {
			isa = XCBuildConfiguration;
			buildSettings = {
				BUNDLE_LOADER = "$(TEST_HOST)";
				FRAMEWORK_SEARCH_PATHS = (
					"$(SDKROOT)/Developer/Library/Frameworks",
					"$(inherited)",
				);
				INFOPLIST_FILE = ParsingTests/Info.plist;
				LD_RUNPATH_SEARCH_PATHS = "$(inherited) @executable_path/Frameworks @loader_path/Frameworks";
				PRODUCT_NAME = "$(TARGET_NAME)";
				TEST_HOST = "$(BUILT_PRODUCTS_DIR)/Parsing.app/Parsing";
			};
			name = Release;
		};
/* End XCBuildConfiguration section */

/* Begin XCConfigurationList section */
		DFD32DD71A5640EA0023016B /* Build configuration list for PBXProject "Parsing" */ = {
			isa = XCConfigurationList;
			buildConfigurations = (
				DFD32DF91A5640EA0023016B /* Debug */,
				DFD32DFA1A5640EA0023016B /* Release */,
			);
			defaultConfigurationIsVisible = 0;
			defaultConfigurationName = Release;
		};
		DFD32DFB1A5640EA0023016B /* Build configuration list for PBXNativeTarget "Parsing" */ = {
			isa = XCConfigurationList;
			buildConfigurations = (
				DFD32DFC1A5640EA0023016B /* Debug */,
				DFD32DFD1A5640EA0023016B /* Release */,
			);
			defaultConfigurationIsVisible = 0;
			defaultConfigurationName = Release;
		};
		DFD32DFE1A5640EA0023016B /* Build configuration list for PBXNativeTarget "ParsingTests" */ = {
			isa = XCConfigurationList;
			buildConfigurations = (
				DFD32DFF1A5640EA0023016B /* Debug */,
				DFD32E001A5640EA0023016B /* Release */,
			);
			defaultConfigurationIsVisible = 0;
			defaultConfigurationName = Release;
		};
/* End XCConfigurationList section */
	};
	rootObject = DFD32DD41A5640EA0023016B /* Project object */;
}
